
Microsoft Visual Studio Solution File, Format Version 12.00
# Visual Studio Version 17
VisualStudioVersion = 17.2.32630.192
MinimumVisualStudioVersion = 10.0.40219.1
Project("{9A19103F-16F7-4668-BE54-9A1E7A4F7556}") = "BoxOfT", "BoxOfT\BoxOfT.csproj", "{198D19F0-A018-404C-9FF4-858220AF36E5}"
EndProject
Project("{9A19103F-16F7-4668-BE54-9A1E7A4F7556}") = "GenericArrayCreator", "GenericArrayCreator\GenericArrayCreator.csproj", "{03830BAA-9A66-4F2A-8D71-284C5F76C50E}"
EndProject
Project("{FAE04EC0-301F-11D3-BF4B-00C04F79EFBC}") = "GenericScale", "GenericScale\GenericScale.csproj", "{224C9F6B-F06E-4D3E-8F0E-C86366C55965}"
EndProject
Global
	GlobalSection(SolutionConfigurationPlatforms) = preSolution
		Debug|Any CPU = Debug|Any CPU
		Release|Any CPU = Release|Any CPU
	EndGlobalSection
	GlobalSection(ProjectConfigurationPlatforms) = postSolution
		{198D19F0-A018-404C-9FF4-858220AF36E5}.Debug|Any CPU.ActiveCfg = Debug|Any CPU
		{198D19F0-A018-404C-9FF4-858220AF36E5}.Debug|Any CPU.Build.0 = Debug|Any CPU
		{198D19F0-A018-404C-9FF4-858220AF36E5}.Release|Any CPU.ActiveCfg = Release|Any CPU
		{198D19F0-A018-404C-9FF4-858220AF36E5}.Release|Any CPU.Build.0 = Release|Any CPU
		{03830BAA-9A66-4F2A-8D71-284C5F76C50E}.Debug|Any CPU.ActiveCfg = Debug|Any CPU
		{03830BAA-9A66-4F2A-8D71-284C5F76C50E}.Debug|Any CPU.Build.0 = Debug|Any CPU
		{03830BAA-9A66-4F2A-8D71-284C5F76C50E}.Release|Any CPU.ActiveCfg = Release|Any CPU
		{03830BAA-9A66-4F2A-8D71-284C5F76C50E}.Release|Any CPU.Build.0 = Release|Any CPU
		{224C9F6B-F06E-4D3E-8F0E-C86366C55965}.Debug|Any CPU.ActiveCfg = Debug|Any CPU
		{224C9F6B-F06E-4D3E-8F0E-C86366C55965}.Debug|Any CPU.Build.0 = Debug|Any CPU
		{224C9F6B-F06E-4D3E-8F0E-C86366C55965}.Release|Any CPU.ActiveCfg = Release|Any CPU
		{224C9F6B-F06E-4D3E-8F0E-C86366C55965}.Release|Any CPU.Build.0 = Release|Any CPU
	EndGlobalSection
	GlobalSection(SolutionProperties) = preSolution
		HideSolutionNode = FALSE
	EndGlobalSection
	GlobalSection(ExtensibilityGlobals) = postSolution
		SolutionGuid = {61B07921-C066-4E5F-A3FD-775ACCEA4292}
	EndGlobalSection
EndGlobal
